// !$*UTF8*$!
{
	archiveVersion = 1;
	classes = {
	};
	objectVersion = 56;
	objects = {

/* Begin PBXBuildFile section */
		09C933A7D121DD95F6407899 /* Pods_Food_Review2.framework in Frameworks */ = {isa = PBXBuildFile; fileRef = 2423DA976791D045BC2118C7 /* Pods_Food_Review2.framework */; };
		82416D65CEC017AB4972E217 /* Pods_Food_Review2_Food_Review2UITests.framework in Frameworks */ = {isa = PBXBuildFile; fileRef = 868146AE0585D0770B12F076 /* Pods_Food_Review2_Food_Review2UITests.framework */; };
		B2FE4D2A542A103E4068C533 /* Pods_Food_Review2Tests.framework in Frameworks */ = {isa = PBXBuildFile; fileRef = 26C0CEC4B94F84DBA0064598 /* Pods_Food_Review2Tests.framework */; };
		E44459952B03A4D600D1550E /* AppDelegate.swift in Sources */ = {isa = PBXBuildFile; fileRef = E44459942B03A4D600D1550E /* AppDelegate.swift */; };
		E44459972B03A4D600D1550E /* SceneDelegate.swift in Sources */ = {isa = PBXBuildFile; fileRef = E44459962B03A4D600D1550E /* SceneDelegate.swift */; };
		E44459992B03A4D600D1550E /* ViewController.swift in Sources */ = {isa = PBXBuildFile; fileRef = E44459982B03A4D600D1550E /* ViewController.swift */; };
		E444599C2B03A4D600D1550E /* Main.storyboard in Resources */ = {isa = PBXBuildFile; fileRef = E444599A2B03A4D600D1550E /* Main.storyboard */; };
		E444599E2B03A4D800D1550E /* Assets.xcassets in Resources */ = {isa = PBXBuildFile; fileRef = E444599D2B03A4D800D1550E /* Assets.xcassets */; };
		E44459A12B03A4D800D1550E /* LaunchScreen.storyboard in Resources */ = {isa = PBXBuildFile; fileRef = E444599F2B03A4D800D1550E /* LaunchScreen.storyboard */; };
		E44459AC2B03A4D800D1550E /* Food_Review2Tests.swift in Sources */ = {isa = PBXBuildFile; fileRef = E44459AB2B03A4D800D1550E /* Food_Review2Tests.swift */; };
		E44459B62B03A4D800D1550E /* Food_Review2UITests.swift in Sources */ = {isa = PBXBuildFile; fileRef = E44459B52B03A4D800D1550E /* Food_Review2UITests.swift */; };
		E44459B82B03A4D800D1550E /* Food_Review2UITestsLaunchTests.swift in Sources */ = {isa = PBXBuildFile; fileRef = E44459B72B03A4D800D1550E /* Food_Review2UITestsLaunchTests.swift */; };
		E44459C82B03A5E600D1550E /* FirebaseAnalytics in Frameworks */ = {isa = PBXBuildFile; productRef = E44459C72B03A5E600D1550E /* FirebaseAnalytics */; };
		E44459CA2B03A5E600D1550E /* FirebaseAnalyticsWithoutAdIdSupport in Frameworks */ = {isa = PBXBuildFile; productRef = E44459C92B03A5E600D1550E /* FirebaseAnalyticsWithoutAdIdSupport */; };
		E44459CC2B03A5E600D1550E /* FirebaseAuth in Frameworks */ = {isa = PBXBuildFile; productRef = E44459CB2B03A5E600D1550E /* FirebaseAuth */; };
		E44459CE2B03A5E600D1550E /* FirebaseDatabase in Frameworks */ = {isa = PBXBuildFile; productRef = E44459CD2B03A5E600D1550E /* FirebaseDatabase */; };
		E44459D02B03A5E600D1550E /* FirebaseFirestore in Frameworks */ = {isa = PBXBuildFile; productRef = E44459CF2B03A5E600D1550E /* FirebaseFirestore */; };
		E44459D52B03ACD800D1550E /* Authentication.swift in Sources */ = {isa = PBXBuildFile; fileRef = E44459D42B03ACD800D1550E /* Authentication.swift */; };
		E4445A0D2B03B3D900D1550E /* Register.swift in Sources */ = {isa = PBXBuildFile; fileRef = E4445A0C2B03B3D900D1550E /* Register.swift */; };
		E4445A132B05342600D1550E /* Review.swift in Sources */ = {isa = PBXBuildFile; fileRef = E4445A122B05342500D1550E /* Review.swift */; };
		E4445A162B054F1B00D1550E /* GoogleSignIn in Frameworks */ = {isa = PBXBuildFile; productRef = E4445A152B054F1B00D1550E /* GoogleSignIn */; };
		E4445A182B054F1B00D1550E /* GoogleSignInSwift in Frameworks */ = {isa = PBXBuildFile; productRef = E4445A172B054F1B00D1550E /* GoogleSignInSwift */; };
		E4445A1A2B0550AA00D1550E /* GoogleService-Info.plist in Resources */ = {isa = PBXBuildFile; fileRef = E4445A192B0550AA00D1550E /* GoogleService-Info.plist */; };
/* End PBXBuildFile section */

/* Begin PBXContainerItemProxy section */
		E44459A82B03A4D800D1550E /* PBXContainerItemProxy */ = {
			isa = PBXContainerItemProxy;
			containerPortal = E44459892B03A4D600D1550E /* Project object */;
			proxyType = 1;
			remoteGlobalIDString = E44459902B03A4D600D1550E;
			remoteInfo = "Food-Review2";
		};
		E44459B22B03A4D800D1550E /* PBXContainerItemProxy */ = {
			isa = PBXContainerItemProxy;
			containerPortal = E44459892B03A4D600D1550E /* Project object */;
			proxyType = 1;
			remoteGlobalIDString = E44459902B03A4D600D1550E;
			remoteInfo = "Food-Review2";
		};
/* End PBXContainerItemProxy section */

/* Begin PBXFileReference section */
		1F17316AC7894B92F20A3836 /* Pods-Food-Review2-Food-Review2UITests.debug.xcconfig */ = {isa = PBXFileReference; includeInIndex = 1; lastKnownFileType = text.xcconfig; name = "Pods-Food-Review2-Food-Review2UITests.debug.xcconfig"; path = "Target Support Files/Pods-Food-Review2-Food-Review2UITests/Pods-Food-Review2-Food-Review2UITests.debug.xcconfig"; sourceTree = "<group>"; };
		2423DA976791D045BC2118C7 /* Pods_Food_Review2.framework */ = {isa = PBXFileReference; explicitFileType = wrapper.framework; includeInIndex = 0; path = Pods_Food_Review2.framework; sourceTree = BUILT_PRODUCTS_DIR; };
		26C0CEC4B94F84DBA0064598 /* Pods_Food_Review2Tests.framework */ = {isa = PBXFileReference; explicitFileType = wrapper.framework; includeInIndex = 0; path = Pods_Food_Review2Tests.framework; sourceTree = BUILT_PRODUCTS_DIR; };
		2C07DA28901E6DD767988CF9 /* Pods-Food-Review2Tests.debug.xcconfig */ = {isa = PBXFileReference; includeInIndex = 1; lastKnownFileType = text.xcconfig; name = "Pods-Food-Review2Tests.debug.xcconfig"; path = "Target Support Files/Pods-Food-Review2Tests/Pods-Food-Review2Tests.debug.xcconfig"; sourceTree = "<group>"; };
		862828447737AFF5F7D9B976 /* Pods-Food-Review2.release.xcconfig */ = {isa = PBXFileReference; includeInIndex = 1; lastKnownFileType = text.xcconfig; name = "Pods-Food-Review2.release.xcconfig"; path = "Target Support Files/Pods-Food-Review2/Pods-Food-Review2.release.xcconfig"; sourceTree = "<group>"; };
		868146AE0585D0770B12F076 /* Pods_Food_Review2_Food_Review2UITests.framework */ = {isa = PBXFileReference; explicitFileType = wrapper.framework; includeInIndex = 0; path = Pods_Food_Review2_Food_Review2UITests.framework; sourceTree = BUILT_PRODUCTS_DIR; };
		9DAB3C10AA9BEC1E721EEC89 /* Pods-Food-Review2Tests.release.xcconfig */ = {isa = PBXFileReference; includeInIndex = 1; lastKnownFileType = text.xcconfig; name = "Pods-Food-Review2Tests.release.xcconfig"; path = "Target Support Files/Pods-Food-Review2Tests/Pods-Food-Review2Tests.release.xcconfig"; sourceTree = "<group>"; };
		BF39B72E6111A9C364325CF3 /* Pods-Food-Review2.debug.xcconfig */ = {isa = PBXFileReference; includeInIndex = 1; lastKnownFileType = text.xcconfig; name = "Pods-Food-Review2.debug.xcconfig"; path = "Target Support Files/Pods-Food-Review2/Pods-Food-Review2.debug.xcconfig"; sourceTree = "<group>"; };
		BFEA0681C9AD8F07A789B3C0 /* Pods-Food-Review2-Food-Review2UITests.release.xcconfig */ = {isa = PBXFileReference; includeInIndex = 1; lastKnownFileType = text.xcconfig; name = "Pods-Food-Review2-Food-Review2UITests.release.xcconfig"; path = "Target Support Files/Pods-Food-Review2-Food-Review2UITests/Pods-Food-Review2-Food-Review2UITests.release.xcconfig"; sourceTree = "<group>"; };
		E44459912B03A4D600D1550E /* Food-Review2.app */ = {isa = PBXFileReference; explicitFileType = wrapper.application; includeInIndex = 0; path = "Food-Review2.app"; sourceTree = BUILT_PRODUCTS_DIR; };
		E44459942B03A4D600D1550E /* AppDelegate.swift */ = {isa = PBXFileReference; lastKnownFileType = sourcecode.swift; path = AppDelegate.swift; sourceTree = "<group>"; };
		E44459962B03A4D600D1550E /* SceneDelegate.swift */ = {isa = PBXFileReference; lastKnownFileType = sourcecode.swift; path = SceneDelegate.swift; sourceTree = "<group>"; };
		E44459982B03A4D600D1550E /* ViewController.swift */ = {isa = PBXFileReference; lastKnownFileType = sourcecode.swift; path = ViewController.swift; sourceTree = "<group>"; };
		E444599B2B03A4D600D1550E /* Base */ = {isa = PBXFileReference; lastKnownFileType = file.storyboard; name = Base; path = Base.lproj/Main.storyboard; sourceTree = "<group>"; };
		E444599D2B03A4D800D1550E /* Assets.xcassets */ = {isa = PBXFileReference; lastKnownFileType = folder.assetcatalog; path = Assets.xcassets; sourceTree = "<group>"; };
		E44459A02B03A4D800D1550E /* Base */ = {isa = PBXFileReference; lastKnownFileType = file.storyboard; name = Base; path = Base.lproj/LaunchScreen.storyboard; sourceTree = "<group>"; };
		E44459A22B03A4D800D1550E /* Info.plist */ = {isa = PBXFileReference; lastKnownFileType = text.plist.xml; path = Info.plist; sourceTree = "<group>"; };
		E44459A72B03A4D800D1550E /* Food-Review2Tests.xctest */ = {isa = PBXFileReference; explicitFileType = wrapper.cfbundle; includeInIndex = 0; path = "Food-Review2Tests.xctest"; sourceTree = BUILT_PRODUCTS_DIR; };
		E44459AB2B03A4D800D1550E /* Food_Review2Tests.swift */ = {isa = PBXFileReference; lastKnownFileType = sourcecode.swift; path = Food_Review2Tests.swift; sourceTree = "<group>"; };
		E44459B12B03A4D800D1550E /* Food-Review2UITests.xctest */ = {isa = PBXFileReference; explicitFileType = wrapper.cfbundle; includeInIndex = 0; path = "Food-Review2UITests.xctest"; sourceTree = BUILT_PRODUCTS_DIR; };
		E44459B52B03A4D800D1550E /* Food_Review2UITests.swift */ = {isa = PBXFileReference; lastKnownFileType = sourcecode.swift; path = Food_Review2UITests.swift; sourceTree = "<group>"; };
		E44459B72B03A4D800D1550E /* Food_Review2UITestsLaunchTests.swift */ = {isa = PBXFileReference; lastKnownFileType = sourcecode.swift; path = Food_Review2UITestsLaunchTests.swift; sourceTree = "<group>"; };
		E44459D42B03ACD800D1550E /* Authentication.swift */ = {isa = PBXFileReference; lastKnownFileType = sourcecode.swift; path = Authentication.swift; sourceTree = "<group>"; };
		E4445A0C2B03B3D900D1550E /* Register.swift */ = {isa = PBXFileReference; lastKnownFileType = sourcecode.swift; path = Register.swift; sourceTree = "<group>"; };
		E4445A122B05342500D1550E /* Review.swift */ = {isa = PBXFileReference; lastKnownFileType = sourcecode.swift; path = Review.swift; sourceTree = "<group>"; };
		E4445A192B0550AA00D1550E /* GoogleService-Info.plist */ = {isa = PBXFileReference; fileEncoding = 4; lastKnownFileType = text.plist.xml; name = "GoogleService-Info.plist"; path = "../../../../Documents/GoogleService-Info.plist"; sourceTree = "<group>"; };
/* End PBXFileReference section */

/* Begin PBXFrameworksBuildPhase section */
		E444598E2B03A4D600D1550E /* Frameworks */ = {
			isa = PBXFrameworksBuildPhase;
			buildActionMask = 2147483647;
			files = (
				E44459C82B03A5E600D1550E /* FirebaseAnalytics in Frameworks */,
				E44459CC2B03A5E600D1550E /* FirebaseAuth in Frameworks */,
				E44459CE2B03A5E600D1550E /* FirebaseDatabase in Frameworks */,
				E4445A182B054F1B00D1550E /* GoogleSignInSwift in Frameworks */,
				E44459D02B03A5E600D1550E /* FirebaseFirestore in Frameworks */,
				E44459CA2B03A5E600D1550E /* FirebaseAnalyticsWithoutAdIdSupport in Frameworks */,
				09C933A7D121DD95F6407899 /* Pods_Food_Review2.framework in Frameworks */,
				E4445A162B054F1B00D1550E /* GoogleSignIn in Frameworks */,
			);
			runOnlyForDeploymentPostprocessing = 0;
		};
		E44459A42B03A4D800D1550E /* Frameworks */ = {
			isa = PBXFrameworksBuildPhase;
			buildActionMask = 2147483647;
			files = (
				B2FE4D2A542A103E4068C533 /* Pods_Food_Review2Tests.framework in Frameworks */,
			);
			runOnlyForDeploymentPostprocessing = 0;
		};
		E44459AE2B03A4D800D1550E /* Frameworks */ = {
			isa = PBXFrameworksBuildPhase;
			buildActionMask = 2147483647;
			files = (
				82416D65CEC017AB4972E217 /* Pods_Food_Review2_Food_Review2UITests.framework in Frameworks */,
			);
			runOnlyForDeploymentPostprocessing = 0;
		};
/* End PBXFrameworksBuildPhase section */

/* Begin PBXGroup section */
		201F67904351EC35ED7F91B8 /* Pods */ = {
			isa = PBXGroup;
			children = (
				BF39B72E6111A9C364325CF3 /* Pods-Food-Review2.debug.xcconfig */,
				862828447737AFF5F7D9B976 /* Pods-Food-Review2.release.xcconfig */,
				1F17316AC7894B92F20A3836 /* Pods-Food-Review2-Food-Review2UITests.debug.xcconfig */,
				BFEA0681C9AD8F07A789B3C0 /* Pods-Food-Review2-Food-Review2UITests.release.xcconfig */,
				2C07DA28901E6DD767988CF9 /* Pods-Food-Review2Tests.debug.xcconfig */,
				9DAB3C10AA9BEC1E721EEC89 /* Pods-Food-Review2Tests.release.xcconfig */,
			);
			path = Pods;
			sourceTree = "<group>";
		};
		CF28736C2C63CF6A7CD051C5 /* Frameworks */ = {
			isa = PBXGroup;
			children = (
				2423DA976791D045BC2118C7 /* Pods_Food_Review2.framework */,
				868146AE0585D0770B12F076 /* Pods_Food_Review2_Food_Review2UITests.framework */,
				26C0CEC4B94F84DBA0064598 /* Pods_Food_Review2Tests.framework */,
			);
			name = Frameworks;
			sourceTree = "<group>";
		};
		E44459882B03A4D600D1550E = {
			isa = PBXGroup;
			children = (
				E44459932B03A4D600D1550E /* Food-Review2 */,
				E44459AA2B03A4D800D1550E /* Food-Review2Tests */,
				E44459B42B03A4D800D1550E /* Food-Review2UITests */,
				E44459922B03A4D600D1550E /* Products */,
				201F67904351EC35ED7F91B8 /* Pods */,
				CF28736C2C63CF6A7CD051C5 /* Frameworks */,
			);
			sourceTree = "<group>";
		};
		E44459922B03A4D600D1550E /* Products */ = {
			isa = PBXGroup;
			children = (
				E44459912B03A4D600D1550E /* Food-Review2.app */,
				E44459A72B03A4D800D1550E /* Food-Review2Tests.xctest */,
				E44459B12B03A4D800D1550E /* Food-Review2UITests.xctest */,
			);
			name = Products;
			sourceTree = "<group>";
		};
		E44459932B03A4D600D1550E /* Food-Review2 */ = {
			isa = PBXGroup;
			children = (
				E44459D32B03AC8300D1550E /*  Authentication */,
				E44459942B03A4D600D1550E /* AppDelegate.swift */,
				E44459962B03A4D600D1550E /* SceneDelegate.swift */,
				E44459982B03A4D600D1550E /* ViewController.swift */,
				E444599A2B03A4D600D1550E /* Main.storyboard */,
				E4445A192B0550AA00D1550E /* GoogleService-Info.plist */,
				E444599D2B03A4D800D1550E /* Assets.xcassets */,
				E444599F2B03A4D800D1550E /* LaunchScreen.storyboard */,
				E44459A22B03A4D800D1550E /* Info.plist */,
			);
			path = "Food-Review2";
			sourceTree = "<group>";
		};
		E44459AA2B03A4D800D1550E /* Food-Review2Tests */ = {
			isa = PBXGroup;
			children = (
				E44459AB2B03A4D800D1550E /* Food_Review2Tests.swift */,
			);
			path = "Food-Review2Tests";
			sourceTree = "<group>";
		};
		E44459B42B03A4D800D1550E /* Food-Review2UITests */ = {
			isa = PBXGroup;
			children = (
				E44459B52B03A4D800D1550E /* Food_Review2UITests.swift */,
				E44459B72B03A4D800D1550E /* Food_Review2UITestsLaunchTests.swift */,
			);
			path = "Food-Review2UITests";
			sourceTree = "<group>";
		};
		E44459D32B03AC8300D1550E /*  Authentication */ = {
			isa = PBXGroup;
			children = (
				E44459D42B03ACD800D1550E /* Authentication.swift */,
				E4445A0C2B03B3D900D1550E /* Register.swift */,
				E4445A112B05340300D1550E /* page */,
			);
			path = " Authentication";
			sourceTree = "<group>";
		};
		E4445A112B05340300D1550E /* page */ = {
			isa = PBXGroup;
			children = (
				E4445A122B05342500D1550E /* Review.swift */,
			);
			path = page;
			sourceTree = "<group>";
		};
/* End PBXGroup section */

/* Begin PBXNativeTarget section */
		E44459902B03A4D600D1550E /* Food-Review2 */ = {
			isa = PBXNativeTarget;
			buildConfigurationList = E44459BB2B03A4D800D1550E /* Build configuration list for PBXNativeTarget "Food-Review2" */;
			buildPhases = (
				03B95C8C37F70A55C831CF8B /* [CP] Check Pods Manifest.lock */,
				E444598D2B03A4D600D1550E /* Sources */,
				E444598E2B03A4D600D1550E /* Frameworks */,
				E444598F2B03A4D600D1550E /* Resources */,
			);
			buildRules = (
			);
			dependencies = (
			);
			name = "Food-Review2";
			packageProductDependencies = (
				E44459C72B03A5E600D1550E /* FirebaseAnalytics */,
				E44459C92B03A5E600D1550E /* FirebaseAnalyticsWithoutAdIdSupport */,
				E44459CB2B03A5E600D1550E /* FirebaseAuth */,
				E44459CD2B03A5E600D1550E /* FirebaseDatabase */,
				E44459CF2B03A5E600D1550E /* FirebaseFirestore */,
				E4445A152B054F1B00D1550E /* GoogleSignIn */,
				E4445A172B054F1B00D1550E /* GoogleSignInSwift */,
			);
			productName = "Food-Review2";
			productReference = E44459912B03A4D600D1550E /* Food-Review2.app */;
			productType = "com.apple.product-type.application";
		};
		E44459A62B03A4D800D1550E /* Food-Review2Tests */ = {
			isa = PBXNativeTarget;
			buildConfigurationList = E44459BE2B03A4D800D1550E /* Build configuration list for PBXNativeTarget "Food-Review2Tests" */;
			buildPhases = (
				D312D14110BD896E94A136FA /* [CP] Check Pods Manifest.lock */,
				E44459A32B03A4D800D1550E /* Sources */,
				E44459A42B03A4D800D1550E /* Frameworks */,
				E44459A52B03A4D800D1550E /* Resources */,
			);
			buildRules = (
			);
			dependencies = (
				E44459A92B03A4D800D1550E /* PBXTargetDependency */,
			);
			name = "Food-Review2Tests";
			productName = "Food-Review2Tests";
			productReference = E44459A72B03A4D800D1550E /* Food-Review2Tests.xctest */;
			productType = "com.apple.product-type.bundle.unit-test";
		};
		E44459B02B03A4D800D1550E /* Food-Review2UITests */ = {
			isa = PBXNativeTarget;
			buildConfigurationList = E44459C12B03A4D800D1550E /* Build configuration list for PBXNativeTarget "Food-Review2UITests" */;
			buildPhases = (
				B9F2990F2262F8FEAF206F90 /* [CP] Check Pods Manifest.lock */,
				E44459AD2B03A4D800D1550E /* Sources */,
				E44459AE2B03A4D800D1550E /* Frameworks */,
				E44459AF2B03A4D800D1550E /* Resources */,
			);
			buildRules = (
			);
			dependencies = (
				E44459B32B03A4D800D1550E /* PBXTargetDependency */,
			);
			name = "Food-Review2UITests";
			productName = "Food-Review2UITests";
			productReference = E44459B12B03A4D800D1550E /* Food-Review2UITests.xctest */;
			productType = "com.apple.product-type.bundle.ui-testing";
		};
/* End PBXNativeTarget section */

/* Begin PBXProject section */
		E44459892B03A4D600D1550E /* Project object */ = {
			isa = PBXProject;
			attributes = {
				BuildIndependentTargetsInParallel = 1;
				KnownAssetTags = (
					New,
				);
				LastSwiftUpdateCheck = 1500;
				LastUpgradeCheck = 1500;
				TargetAttributes = {
					E44459902B03A4D600D1550E = {
						CreatedOnToolsVersion = 15.0.1;
					};
					E44459A62B03A4D800D1550E = {
						CreatedOnToolsVersion = 15.0.1;
						TestTargetID = E44459902B03A4D600D1550E;
					};
					E44459B02B03A4D800D1550E = {
						CreatedOnToolsVersion = 15.0.1;
						TestTargetID = E44459902B03A4D600D1550E;
					};
				};
			};
			buildConfigurationList = E444598C2B03A4D600D1550E /* Build configuration list for PBXProject "Food-Review2" */;
			compatibilityVersion = "Xcode 14.0";
			developmentRegion = en;
			hasScannedForEncodings = 0;
			knownRegions = (
				en,
				Base,
			);
			mainGroup = E44459882B03A4D600D1550E;
			packageReferences = (
				E44459C62B03A5E600D1550E /* XCRemoteSwiftPackageReference "firebase-ios-sdk" */,
				E4445A142B054F1B00D1550E /* XCRemoteSwiftPackageReference "GoogleSignIn-iOS" */,
			);
			productRefGroup = E44459922B03A4D600D1550E /* Products */;
			projectDirPath = "";
			projectRoot = "";
			targets = (
				E44459902B03A4D600D1550E /* Food-Review2 */,
				E44459A62B03A4D800D1550E /* Food-Review2Tests */,
				E44459B02B03A4D800D1550E /* Food-Review2UITests */,
			);
		};
/* End PBXProject section */

/* Begin PBXResourcesBuildPhase section */
		E444598F2B03A4D600D1550E /* Resources */ = {
			isa = PBXResourcesBuildPhase;
			buildActionMask = 2147483647;
			files = (
				E44459A12B03A4D800D1550E /* LaunchScreen.storyboard in Resources */,
				E444599E2B03A4D800D1550E /* Assets.xcassets in Resources */,
				E4445A1A2B0550AA00D1550E /* GoogleService-Info.plist in Resources */,
				E444599C2B03A4D600D1550E /* Main.storyboard in Resources */,
			);
			runOnlyForDeploymentPostprocessing = 0;
		};
		E44459A52B03A4D800D1550E /* Resources */ = {
			isa = PBXResourcesBuildPhase;
			buildActionMask = 2147483647;
			files = (
			);
			runOnlyForDeploymentPostprocessing = 0;
		};
		E44459AF2B03A4D800D1550E /* Resources */ = {
			isa = PBXResourcesBuildPhase;
			buildActionMask = 2147483647;
			files = (
			);
			runOnlyForDeploymentPostprocessing = 0;
		};
/* End PBXResourcesBuildPhase section */

/* Begin PBXShellScriptBuildPhase section */
		03B95C8C37F70A55C831CF8B /* [CP] Check Pods Manifest.lock */ = {
			isa = PBXShellScriptBuildPhase;
			buildActionMask = 2147483647;
			files = (
			);
			inputFileListPaths = (
			);
			inputPaths = (
				"${PODS_PODFILE_DIR_PATH}/Podfile.lock",
				"${PODS_ROOT}/Manifest.lock",
			);
			name = "[CP] Check Pods Manifest.lock";
			outputFileListPaths = (
			);
			outputPaths = (
				"$(DERIVED_FILE_DIR)/Pods-Food-Review2-checkManifestLockResult.txt",
			);
			runOnlyForDeploymentPostprocessing = 0;
			shellPath = /bin/sh;
			shellScript = "diff \"${PODS_PODFILE_DIR_PATH}/Podfile.lock\" \"${PODS_ROOT}/Manifest.lock\" > /dev/null\nif [ $? != 0 ] ; then\n    # print error to STDERR\n    echo \"error: The sandbox is not in sync with the Podfile.lock. Run 'pod install' or update your CocoaPods installation.\" >&2\n    exit 1\nfi\n# This output is used by Xcode 'outputs' to avoid re-running this script phase.\necho \"SUCCESS\" > \"${SCRIPT_OUTPUT_FILE_0}\"\n";
			showEnvVarsInLog = 0;
		};
		B9F2990F2262F8FEAF206F90 /* [CP] Check Pods Manifest.lock */ = {
			isa = PBXShellScriptBuildPhase;
			buildActionMask = 2147483647;
			files = (
			);
			inputFileListPaths = (
			);
			inputPaths = (
				"${PODS_PODFILE_DIR_PATH}/Podfile.lock",
				"${PODS_ROOT}/Manifest.lock",
			);
			name = "[CP] Check Pods Manifest.lock";
			outputFileListPaths = (
			);
			outputPaths = (
				"$(DERIVED_FILE_DIR)/Pods-Food-Review2-Food-Review2UITests-checkManifestLockResult.txt",
			);
			runOnlyForDeploymentPostprocessing = 0;
			shellPath = /bin/sh;
			shellScript = "diff \"${PODS_PODFILE_DIR_PATH}/Podfile.lock\" \"${PODS_ROOT}/Manifest.lock\" > /dev/null\nif [ $? != 0 ] ; then\n    # print error to STDERR\n    echo \"error: The sandbox is not in sync with the Podfile.lock. Run 'pod install' or update your CocoaPods installation.\" >&2\n    exit 1\nfi\n# This output is used by Xcode 'outputs' to avoid re-running this script phase.\necho \"SUCCESS\" > \"${SCRIPT_OUTPUT_FILE_0}\"\n";
			showEnvVarsInLog = 0;
		};
		D312D14110BD896E94A136FA /* [CP] Check Pods Manifest.lock */ = {
			isa = PBXShellScriptBuildPhase;
			buildActionMask = 2147483647;
			files = (
			);
			inputFileListPaths = (
			);
			inputPaths = (
				"${PODS_PODFILE_DIR_PATH}/Podfile.lock",
				"${PODS_ROOT}/Manifest.lock",
			);
			name = "[CP] Check Pods Manifest.lock";
			outputFileListPaths = (
			);
			outputPaths = (
				"$(DERIVED_FILE_DIR)/Pods-Food-Review2Tests-checkManifestLockResult.txt",
			);
			runOnlyForDeploymentPostprocessing = 0;
			shellPath = /bin/sh;
			shellScript = "diff \"${PODS_PODFILE_DIR_PATH}/Podfile.lock\" \"${PODS_ROOT}/Manifest.lock\" > /dev/null\nif [ $? != 0 ] ; then\n    # print error to STDERR\n    echo \"error: The sandbox is not in sync with the Podfile.lock. Run 'pod install' or update your CocoaPods installation.\" >&2\n    exit 1\nfi\n# This output is used by Xcode 'outputs' to avoid re-running this script phase.\necho \"SUCCESS\" > \"${SCRIPT_OUTPUT_FILE_0}\"\n";
			showEnvVarsInLog = 0;
		};
/* End PBXShellScriptBuildPhase section */

/* Begin PBXSourcesBuildPhase section */
		E444598D2B03A4D600D1550E /* Sources */ = {
			isa = PBXSourcesBuildPhase;
			buildActionMask = 2147483647;
			files = (
				E44459992B03A4D600D1550E /* ViewController.swift in Sources */,
				E44459952B03A4D600D1550E /* AppDelegate.swift in Sources */,
				E44459972B03A4D600D1550E /* SceneDelegate.swift in Sources */,
				E44459D52B03ACD800D1550E /* Authentication.swift in Sources */,
				E4445A0D2B03B3D900D1550E /* Register.swift in Sources */,
				E4445A132B05342600D1550E /* Review.swift in Sources */,
			);
			runOnlyForDeploymentPostprocessing = 0;
		};
		E44459A32B03A4D800D1550E /* Sources */ = {
			isa = PBXSourcesBuildPhase;
			buildActionMask = 2147483647;
			files = (
				E44459AC2B03A4D800D1550E /* Food_Review2Tests.swift in Sources */,
			);
			runOnlyForDeploymentPostprocessing = 0;
		};
		E44459AD2B03A4D800D1550E /* Sources */ = {
			isa = PBXSourcesBuildPhase;
			buildActionMask = 2147483647;
			files = (
				E44459B62B03A4D800D1550E /* Food_Review2UITests.swift in Sources */,
				E44459B82B03A4D800D1550E /* Food_Review2UITestsLaunchTests.swift in Sources */,
			);
			runOnlyForDeploymentPostprocessing = 0;
		};
/* End PBXSourcesBuildPhase section */

/* Begin PBXTargetDependency section */
		E44459A92B03A4D800D1550E /* PBXTargetDependency */ = {
			isa = PBXTargetDependency;
			target = E44459902B03A4D600D1550E /* Food-Review2 */;
			targetProxy = E44459A82B03A4D800D1550E /* PBXContainerItemProxy */;
		};
		E44459B32B03A4D800D1550E /* PBXTargetDependency */ = {
			isa = PBXTargetDependency;
			target = E44459902B03A4D600D1550E /* Food-Review2 */;
			targetProxy = E44459B22B03A4D800D1550E /* PBXContainerItemProxy */;
		};
/* End PBXTargetDependency section */

/* Begin PBXVariantGroup section */
		E444599A2B03A4D600D1550E /* Main.storyboard */ = {
			isa = PBXVariantGroup;
			children = (
				E444599B2B03A4D600D1550E /* Base */,
			);
			name = Main.storyboard;
			sourceTree = "<group>";
		};
		E444599F2B03A4D800D1550E /* LaunchScreen.storyboard */ = {
			isa = PBXVariantGroup;
			children = (
				E44459A02B03A4D800D1550E /* Base */,
			);
			name = LaunchScreen.storyboard;
			sourceTree = "<group>";
		};
/* End PBXVariantGroup section */

/* Begin XCBuildConfiguration section */
		E44459B92B03A4D800D1550E /* Debug */ = {
			isa = XCBuildConfiguration;
			buildSettings = {
				ALWAYS_SEARCH_USER_PATHS = NO;
				ASSETCATALOG_COMPILER_GENERATE_SWIFT_ASSET_SYMBOL_EXTENSIONS = YES;
				CLANG_ANALYZER_NONNULL = YES;
				CLANG_ANALYZER_NUMBER_OBJECT_CONVERSION = YES_AGGRESSIVE;
				CLANG_CXX_LANGUAGE_STANDARD = "gnu++20";
				CLANG_ENABLE_MODULES = YES;
				CLANG_ENABLE_OBJC_ARC = YES;
				CLANG_ENABLE_OBJC_WEAK = YES;
				CLANG_WARN_BLOCK_CAPTURE_AUTORELEASING = YES;
				CLANG_WARN_BOOL_CONVERSION = YES;
				CLANG_WARN_COMMA = YES;
				CLANG_WARN_CONSTANT_CONVERSION = YES;
				CLANG_WARN_DEPRECATED_OBJC_IMPLEMENTATIONS = YES;
				CLANG_WARN_DIRECT_OBJC_ISA_USAGE = YES_ERROR;
				CLANG_WARN_DOCUMENTATION_COMMENTS = YES;
				CLANG_WARN_EMPTY_BODY = YES;
				CLANG_WARN_ENUM_CONVERSION = YES;
				CLANG_WARN_INFINITE_RECURSION = YES;
				CLANG_WARN_INT_CONVERSION = YES;
				CLANG_WARN_NON_LITERAL_NULL_CONVERSION = YES;
				CLANG_WARN_OBJC_IMPLICIT_RETAIN_SELF = YES;
				CLANG_WARN_OBJC_LITERAL_CONVERSION = YES;
				CLANG_WARN_OBJC_ROOT_CLASS = YES_ERROR;
				CLANG_WARN_QUOTED_INCLUDE_IN_FRAMEWORK_HEADER = YES;
				CLANG_WARN_RANGE_LOOP_ANALYSIS = YES;
				CLANG_WARN_STRICT_PROTOTYPES = YES;
				CLANG_WARN_SUSPICIOUS_MOVE = YES;
				CLANG_WARN_UNGUARDED_AVAILABILITY = YES_AGGRESSIVE;
				CLANG_WARN_UNREACHABLE_CODE = YES;
				CLANG_WARN__DUPLICATE_METHOD_MATCH = YES;
				COPY_PHASE_STRIP = NO;
				DEBUG_INFORMATION_FORMAT = dwarf;
				ENABLE_STRICT_OBJC_MSGSEND = YES;
				ENABLE_TESTABILITY = YES;
				ENABLE_USER_SCRIPT_SANDBOXING = YES;
				GCC_C_LANGUAGE_STANDARD = gnu17;
				GCC_DYNAMIC_NO_PIC = NO;
				GCC_NO_COMMON_BLOCKS = YES;
				GCC_OPTIMIZATION_LEVEL = 0;
				GCC_PREPROCESSOR_DEFINITIONS = (
					"DEBUG=1",
					"$(inherited)",
				);
				GCC_WARN_64_TO_32_BIT_CONVERSION = YES;
				GCC_WARN_ABOUT_RETURN_TYPE = YES_ERROR;
				GCC_WARN_UNDECLARED_SELECTOR = YES;
				GCC_WARN_UNINITIALIZED_AUTOS = YES_AGGRESSIVE;
				GCC_WARN_UNUSED_FUNCTION = YES;
				GCC_WARN_UNUSED_VARIABLE = YES;
				IPHONEOS_DEPLOYMENT_TARGET = 17.0;
				LOCALIZATION_PREFERS_STRING_CATALOGS = YES;
				MTL_ENABLE_DEBUG_INFO = INCLUDE_SOURCE;
				MTL_FAST_MATH = YES;
				ONLY_ACTIVE_ARCH = YES;
				SDKROOT = iphoneos;
				SWIFT_ACTIVE_COMPILATION_CONDITIONS = "DEBUG $(inherited)";
				SWIFT_OPTIMIZATION_LEVEL = "-Onone";
			};
			name = Debug;
		};
		E44459BA2B03A4D800D1550E /* Release */ = {
			isa = XCBuildConfiguration;
			buildSettings = {
				ALWAYS_SEARCH_USER_PATHS = NO;
				ASSETCATALOG_COMPILER_GENERATE_SWIFT_ASSET_SYMBOL_EXTENSIONS = YES;
				CLANG_ANALYZER_NONNULL = YES;
				CLANG_ANALYZER_NUMBER_OBJECT_CONVERSION = YES_AGGRESSIVE;
				CLANG_CXX_LANGUAGE_STANDARD = "gnu++20";
				CLANG_ENABLE_MODULES = YES;
				CLANG_ENABLE_OBJC_ARC = YES;
				CLANG_ENABLE_OBJC_WEAK = YES;
				CLANG_WARN_BLOCK_CAPTURE_AUTORELEASING = YES;
				CLANG_WARN_BOOL_CONVERSION = YES;
				CLANG_WARN_COMMA = YES;
				CLANG_WARN_CONSTANT_CONVERSION = YES;
				CLANG_WARN_DEPRECATED_OBJC_IMPLEMENTATIONS = YES;
				CLANG_WARN_DIRECT_OBJC_ISA_USAGE = YES_ERROR;
				CLANG_WARN_DOCUMENTATION_COMMENTS = YES;
				CLANG_WARN_EMPTY_BODY = YES;
				CLANG_WARN_ENUM_CONVERSION = YES;
				CLANG_WARN_INFINITE_RECURSION = YES;
				CLANG_WARN_INT_CONVERSION = YES;
				CLANG_WARN_NON_LITERAL_NULL_CONVERSION = YES;
				CLANG_WARN_OBJC_IMPLICIT_RETAIN_SELF = YES;
				CLANG_WARN_OBJC_LITERAL_CONVERSION = YES;
				CLANG_WARN_OBJC_ROOT_CLASS = YES_ERROR;
				CLANG_WARN_QUOTED_INCLUDE_IN_FRAMEWORK_HEADER = YES;
				CLANG_WARN_RANGE_LOOP_ANALYSIS = YES;
				CLANG_WARN_STRICT_PROTOTYPES = YES;
				CLANG_WARN_SUSPICIOUS_MOVE = YES;
				CLANG_WARN_UNGUARDED_AVAILABILITY = YES_AGGRESSIVE;
				CLANG_WARN_UNREACHABLE_CODE = YES;
				CLANG_WARN__DUPLICATE_METHOD_MATCH = YES;
				COPY_PHASE_STRIP = NO;
				DEBUG_INFORMATION_FORMAT = "dwarf-with-dsym";
				ENABLE_NS_ASSERTIONS = NO;
				ENABLE_STRICT_OBJC_MSGSEND = YES;
				ENABLE_USER_SCRIPT_SANDBOXING = YES;
				GCC_C_LANGUAGE_STANDARD = gnu17;
				GCC_NO_COMMON_BLOCKS = YES;
				GCC_WARN_64_TO_32_BIT_CONVERSION = YES;
				GCC_WARN_ABOUT_RETURN_TYPE = YES_ERROR;
				GCC_WARN_UNDECLARED_SELECTOR = YES;
				GCC_WARN_UNINITIALIZED_AUTOS = YES_AGGRESSIVE;
				GCC_WARN_UNUSED_FUNCTION = YES;
				GCC_WARN_UNUSED_VARIABLE = YES;
				IPHONEOS_DEPLOYMENT_TARGET = 17.0;
				LOCALIZATION_PREFERS_STRING_CATALOGS = YES;
				MTL_ENABLE_DEBUG_INFO = NO;
				MTL_FAST_MATH = YES;
				SDKROOT = iphoneos;
				SWIFT_COMPILATION_MODE = wholemodule;
				VALIDATE_PRODUCT = YES;
			};
			name = Release;
		};
		E44459BC2B03A4D800D1550E /* Debug */ = {
			isa = XCBuildConfiguration;
			baseConfigurationReference = BF39B72E6111A9C364325CF3 /* Pods-Food-Review2.debug.xcconfig */;
			buildSettings = {
				ASSETCATALOG_COMPILER_APPICON_NAME = AppIcon;
				ASSETCATALOG_COMPILER_GLOBAL_ACCENT_COLOR_NAME = AccentColor;
				CODE_SIGN_STYLE = Automatic;
				CURRENT_PROJECT_VERSION = 1;
				DEVELOPMENT_TEAM = LN25KMSU93;
				GENERATE_INFOPLIST_FILE = YES;
				INFOPLIST_FILE = "Food-Review2/Info.plist";
				INFOPLIST_KEY_UIApplicationSupportsIndirectInputEvents = YES;
				INFOPLIST_KEY_UILaunchStoryboardName = LaunchScreen;
				INFOPLIST_KEY_UIMainStoryboardFile = Main;
				INFOPLIST_KEY_UISupportedInterfaceOrientations_iPad = "UIInterfaceOrientationPortrait UIInterfaceOrientationPortraitUpsideDown UIInterfaceOrientationLandscapeLeft UIInterfaceOrientationLandscapeRight";
				INFOPLIST_KEY_UISupportedInterfaceOrientations_iPhone = "UIInterfaceOrientationPortrait UIInterfaceOrientationLandscapeLeft UIInterfaceOrientationLandscapeRight";
				LD_RUNPATH_SEARCH_PATHS = (
					"$(inherited)",
					"@executable_path/Frameworks",
				);
				MARKETING_VERSION = 1.0;
				PRODUCT_BUNDLE_IDENTIFIER = "Vituruch.Food-Review2";
				PRODUCT_NAME = "$(TARGET_NAME)";
				SWIFT_EMIT_LOC_STRINGS = YES;
				SWIFT_VERSION = 5.0;
				TARGETED_DEVICE_FAMILY = "1,2";
			};
			name = Debug;
		};
		E44459BD2B03A4D800D1550E /* Release */ = {
			isa = XCBuildConfiguration;
			baseConfigurationReference = 862828447737AFF5F7D9B976 /* Pods-Food-Review2.release.xcconfig */;
			buildSettings = {
				ASSETCATALOG_COMPILER_APPICON_NAME = AppIcon;
				ASSETCATALOG_COMPILER_GLOBAL_ACCENT_COLOR_NAME = AccentColor;
				CODE_SIGN_STYLE = Automatic;
				CURRENT_PROJECT_VERSION = 1;
				DEVELOPMENT_TEAM = LN25KMSU93;
				GENERATE_INFOPLIST_FILE = YES;
				INFOPLIST_FILE = "Food-Review2/Info.plist";
				INFOPLIST_KEY_UIApplicationSupportsIndirectInputEvents = YES;
				INFOPLIST_KEY_UILaunchStoryboardName = LaunchScreen;
				INFOPLIST_KEY_UIMainStoryboardFile = Main;
				INFOPLIST_KEY_UISupportedInterfaceOrientations_iPad = "UIInterfaceOrientationPortrait UIInterfaceOrientationPortraitUpsideDown UIInterfaceOrientationLandscapeLeft UIInterfaceOrientationLandscapeRight";
				INFOPLIST_KEY_UISupportedInterfaceOrientations_iPhone = "UIInterfaceOrientationPortrait UIInterfaceOrientationLandscapeLeft UIInterfaceOrientationLandscapeRight";
				LD_RUNPATH_SEARCH_PATHS = (
					"$(inherited)",
					"@executable_path/Frameworks",
				);
				MARKETING_VERSION = 1.0;
				PRODUCT_BUNDLE_IDENTIFIER = "Vituruch.Food-Review2";
				PRODUCT_NAME = "$(TARGET_NAME)";
				SWIFT_EMIT_LOC_STRINGS = YES;
				SWIFT_VERSION = 5.0;
				TARGETED_DEVICE_FAMILY = "1,2";
			};
			name = Release;
		};
		E44459BF2B03A4D800D1550E /* Debug */ = {
			isa = XCBuildConfiguration;
			baseConfigurationReference = 2C07DA28901E6DD767988CF9 /* Pods-Food-Review2Tests.debug.xcconfig */;
			buildSettings = {
				ALWAYS_EMBED_SWIFT_STANDARD_LIBRARIES = YES;
				BUNDLE_LOADER = "$(TEST_HOST)";
				CODE_SIGN_STYLE = Automatic;
				CURRENT_PROJECT_VERSION = 1;
				DEVELOPMENT_TEAM = LN25KMSU93;
				GENERATE_INFOPLIST_FILE = YES;
				IPHONEOS_DEPLOYMENT_TARGET = 17.0;
				MARKETING_VERSION = 1.0;
				PRODUCT_BUNDLE_IDENTIFIER = "Vituruch.Food-Review2Tests";
				PRODUCT_NAME = "$(TARGET_NAME)";
				SWIFT_EMIT_LOC_STRINGS = NO;
				SWIFT_VERSION = 5.0;
				TARGETED_DEVICE_FAMILY = "1,2";
				TEST_HOST = "$(BUILT_PRODUCTS_DIR)/Food-Review2.app/$(BUNDLE_EXECUTABLE_FOLDER_PATH)/Food-Review2";
			};
			name = Debug;
		};
		E44459C02B03A4D800D1550E /* Release */ = {
			isa = XCBuildConfiguration;
			baseConfigurationReference = 9DAB3C10AA9BEC1E721EEC89 /* Pods-Food-Review2Tests.release.xcconfig */;
			buildSettings = {
				ALWAYS_EMBED_SWIFT_STANDARD_LIBRARIES = YES;
				BUNDLE_LOADER = "$(TEST_HOST)";
				CODE_SIGN_STYLE = Automatic;
				CURRENT_PROJECT_VERSION = 1;
				DEVELOPMENT_TEAM = LN25KMSU93;
				GENERATE_INFOPLIST_FILE = YES;
				IPHONEOS_DEPLOYMENT_TARGET = 17.0;
				MARKETING_VERSION = 1.0;
				PRODUCT_BUNDLE_IDENTIFIER = "Vituruch.Food-Review2Tests";
				PRODUCT_NAME = "$(TARGET_NAME)";
				SWIFT_EMIT_LOC_STRINGS = NO;
				SWIFT_VERSION = 5.0;
				TARGETED_DEVICE_FAMILY = "1,2";
				TEST_HOST = "$(BUILT_PRODUCTS_DIR)/Food-Review2.app/$(BUNDLE_EXECUTABLE_FOLDER_PATH)/Food-Review2";
			};
			name = Release;
		};
		E44459C22B03A4D800D1550E /* Debug */ = {
			isa = XCBuildConfiguration;
			baseConfigurationReference = 1F17316AC7894B92F20A3836 /* Pods-Food-Review2-Food-Review2UITests.debug.xcconfig */;
			buildSettings = {
				ALWAYS_EMBED_SWIFT_STANDARD_LIBRARIES = YES;
				CODE_SIGN_STYLE = Automatic;
				CURRENT_PROJECT_VERSION = 1;
				DEVELOPMENT_TEAM = LN25KMSU93;
				GENERATE_INFOPLIST_FILE = YES;
				MARKETING_VERSION = 1.0;
				PRODUCT_BUNDLE_IDENTIFIER = "Vituruch.Food-Review2UITests";
				PRODUCT_NAME = "$(TARGET_NAME)";
				SWIFT_EMIT_LOC_STRINGS = NO;
				SWIFT_VERSION = 5.0;
				TARGETED_DEVICE_FAMILY = "1,2";
				TEST_TARGET_NAME = "Food-Review2";
			};
			name = Debug;
		};
		E44459C32B03A4D800D1550E /* Release */ = {
			isa = XCBuildConfiguration;
			baseConfigurationReference = BFEA0681C9AD8F07A789B3C0 /* Pods-Food-Review2-Food-Review2UITests.release.xcconfig */;
			buildSettings = {
				ALWAYS_EMBED_SWIFT_STANDARD_LIBRARIES = YES;
				CODE_SIGN_STYLE = Automatic;
				CURRENT_PROJECT_VERSION = 1;
				DEVELOPMENT_TEAM = LN25KMSU93;
				GENERATE_INFOPLIST_FILE = YES;
				MARKETING_VERSION = 1.0;
				PRODUCT_BUNDLE_IDENTIFIER = "Vituruch.Food-Review2UITests";
				PRODUCT_NAME = "$(TARGET_NAME)";
				SWIFT_EMIT_LOC_STRINGS = NO;
				SWIFT_VERSION = 5.0;
				TARGETED_DEVICE_FAMILY = "1,2";
				TEST_TARGET_NAME = "Food-Review2";
			};
			name = Release;
		};
/* End XCBuildConfiguration section */

/* Begin XCConfigurationList section */
		E444598C2B03A4D600D1550E /* Build configuration list for PBXProject "Food-Review2" */ = {
			isa = XCConfigurationList;
			buildConfigurations = (
				E44459B92B03A4D800D1550E /* Debug */,
				E44459BA2B03A4D800D1550E /* Release */,
			);
			defaultConfigurationIsVisible = 0;
			defaultConfigurationName = Release;
		};
		E44459BB2B03A4D800D1550E /* Build configuration list for PBXNativeTarget "Food-Review2" */ = {
			isa = XCConfigurationList;
			buildConfigurations = (
				E44459BC2B03A4D800D1550E /* Debug */,
				E44459BD2B03A4D800D1550E /* Release */,
			);
			defaultConfigurationIsVisible = 0;
			defaultConfigurationName = Release;
		};
		E44459BE2B03A4D800D1550E /* Build configuration list for PBXNativeTarget "Food-Review2Tests" */ = {
			isa = XCConfigurationList;
			buildConfigurations = (
				E44459BF2B03A4D800D1550E /* Debug */,
				E44459C02B03A4D800D1550E /* Release */,
			);
			defaultConfigurationIsVisible = 0;
			defaultConfigurationName = Release;
		};
		E44459C12B03A4D800D1550E /* Build configuration list for PBXNativeTarget "Food-Review2UITests" */ = {
			isa = XCConfigurationList;
			buildConfigurations = (
				E44459C22B03A4D800D1550E /* Debug */,
				E44459C32B03A4D800D1550E /* Release */,
			);
			defaultConfigurationIsVisible = 0;
			defaultConfigurationName = Release;
		};
/* End XCConfigurationList section */

/* Begin XCRemoteSwiftPackageReference section */
		E44459C62B03A5E600D1550E /* XCRemoteSwiftPackageReference "firebase-ios-sdk" */ = {
			isa = XCRemoteSwiftPackageReference;
			repositoryURL = "https://github.com/firebase/firebase-ios-sdk";
			requirement = {
				kind = upToNextMajorVersion;
				minimumVersion = 10.17.0;
			};
		};
		E4445A142B054F1B00D1550E /* XCRemoteSwiftPackageReference "GoogleSignIn-iOS" */ = {
			isa = XCRemoteSwiftPackageReference;
			repositoryURL = "https://github.com/google/GoogleSignIn-iOS";
			requirement = {
				kind = upToNextMajorVersion;
				minimumVersion = 7.0.0;
			};
		};
/* End XCRemoteSwiftPackageReference section */

/* Begin XCSwiftPackageProductDependency section */
		E44459C72B03A5E600D1550E /* FirebaseAnalytics */ = {
			isa = XCSwiftPackageProductDependency;
			package = E44459C62B03A5E600D1550E /* XCRemoteSwiftPackageReference "firebase-ios-sdk" */;
			productName = FirebaseAnalytics;
		};
		E44459C92B03A5E600D1550E /* FirebaseAnalyticsWithoutAdIdSupport */ = {
			isa = XCSwiftPackageProductDependency;
			package = E44459C62B03A5E600D1550E /* XCRemoteSwiftPackageReference "firebase-ios-sdk" */;
			productName = FirebaseAnalyticsWithoutAdIdSupport;
		};
		E44459CB2B03A5E600D1550E /* FirebaseAuth */ = {
			isa = XCSwiftPackageProductDependency;
			package = E44459C62B03A5E600D1550E /* XCRemoteSwiftPackageReference "firebase-ios-sdk" */;
			productName = FirebaseAuth;
		};
		E44459CD2B03A5E600D1550E /* FirebaseDatabase */ = {
			isa = XCSwiftPackageProductDependency;
			package = E44459C62B03A5E600D1550E /* XCRemoteSwiftPackageReference "firebase-ios-sdk" */;
			productName = FirebaseDatabase;
		};
		E44459CF2B03A5E600D1550E /* FirebaseFirestore */ = {
			isa = XCSwiftPackageProductDependency;
			package = E44459C62B03A5E600D1550E /* XCRemoteSwiftPackageReference "firebase-ios-sdk" */;
			productName = FirebaseFirestore;
		};
		E4445A152B054F1B00D1550E /* GoogleSignIn */ = {
			isa = XCSwiftPackageProductDependency;
			package = E4445A142B054F1B00D1550E /* XCRemoteSwiftPackageReference "GoogleSignIn-iOS" */;
			productName = GoogleSignIn;
		};
		E4445A172B054F1B00D1550E /* GoogleSignInSwift */ = {
			isa = XCSwiftPackageProductDependency;
			package = E4445A142B054F1B00D1550E /* XCRemoteSwiftPackageReference "GoogleSignIn-iOS" */;
			productName = GoogleSignInSwift;
		};
/* End XCSwiftPackageProductDependency section */
	};
	rootObject = E44459892B03A4D600D1550E /* Project object */;
}
